
Microsoft Visual Studio Solution File, Format Version 12.00
# Visual Studio Version 17
VisualStudioVersion = 17.14.37628.2 d17.14
MinimumVisualStudioVersion = 10.0.40219.1
Project("{FAE04EC0-301F-11D3-BF4B-00C04F79EFBC}") = "FoodRecipe", "FoodRecipe\FoodRecipe.csproj", "{38DBA552-9ECF-40FE-8EB0-32E1E386CD7B}"
EndProject
Global
	GlobalSection(SolutionConfigurationPlatforms) = preSolution
		Debug|Any CPU = Debug|Any CPU
		Release|Any CPU = Release|Any CPU
	EndGlobalSection
	GlobalSection(ProjectConfigurationPlatforms) = postSolution
		{38DBA552-9ECF-40FE-8EB0-32E1E386CD7B}.Debug|Any CPU.ActiveCfg = Debug|Any CPU
		{38DBA552-9ECF-40FE-8EB0-32E1E386CD7B}.Debug|Any CPU.Build.0 = Debug|Any CPU
		{38DBA552-9ECF-40FE-8EB0-32E1E386CD7B}.Release|Any CPU.ActiveCfg = Release|Any CPU
		{38DBA552-9ECF-40FE-8EB0-32E1E386CD7B}.Release|Any CPU.Build.0 = Release|Any CPU
	EndGlobalSection
	GlobalSection(SolutionProperties) = preSolution
		HideSolutionNode = FALSE
	EndGlobalSection
	GlobalSection(ExtensibilityGlobals) = postSolution
		SolutionGuid = {4A437783-0419-43FE-B74E-D89F52EA43C8}
	EndGlobalSection
EndGlobal
